
Microsoft Visual Studio Solution File, Format Version 12.00
Project("{2150E333-8FDC-42A3-9474-1A3956D46DE8}") = "src", "src", "{827E0CD3-B72D-47B6-A68D-7590B98EB39B}"
EndProject
Project("{FAE04EC0-301F-11D3-BF4B-00C04F79EFBC}") = "Skillfolio.Api", "src\Skillfolio.Api\Skillfolio.Api.csproj", "{18D838F9-65A2-4528-9BC8-42F291400971}"
EndProject
Project("{FAE04EC0-301F-11D3-BF4B-00C04F79EFBC}") = "Skillfolio.Application", "src\Skillfolio.Application\Skillfolio.Application.csproj", "{15A29A6D-D28E-4077-A819-6043A18A1EA7}"
EndProject
Project("{FAE04EC0-301F-11D3-BF4B-00C04F79EFBC}") = "Skillfolio.Infrastructure", "src\Skillfolio.Infrastructure\Skillfolio.Infrastructure.csproj", "{64C6E3EC-CC86-4DCE-97F1-357EAE26313E}"
EndProject
Project("{FAE04EC0-301F-11D3-BF4B-00C04F79EFBC}") = "Skillfolio.Domain", "src\Skillfolio.Domain\Skillfolio.Domain.csproj", "{09DEC742-846F-4E96-B760-641AADBD5D1F}"
EndProject
Project("{2150E333-8FDC-42A3-9474-1A3956D46DE8}") = "tests", "tests", "{0AB3BF05-4346-4AA6-1389-037BE0695223}"
EndProject
Project("{2150E333-8FDC-42A3-9474-1A3956D46DE8}") = "IntegrationTests", "IntegrationTests", "{30785934-E017-5D9F-2777-3D61460A5281}"
EndProject
Project("{FAE04EC0-301F-11D3-BF4B-00C04F79EFBC}") = "Skillfolio.Api.Tests", "tests\IntegrationTests\Skillfolio.Api.Tests\Skillfolio.Api.Tests.csproj", "{2C7704FD-89E2-4B75-BA7B-E3CAA509A3D3}"
EndProject
Project("{2150E333-8FDC-42A3-9474-1A3956D46DE8}") = "UnitTests", "UnitTests", "{394A81D9-3C45-9818-BB26-23F2B85056FF}"
EndProject
Project("{FAE04EC0-301F-11D3-BF4B-00C04F79EFBC}") = "Skillfolio.Application.Tests", "tests\UnitTests\Skillfolio.Application.Tests\Skillfolio.Application.Tests.csproj", "{864177A7-EBDD-4520-9A69-BA14BC030B06}"
EndProject
Project("{FAE04EC0-301F-11D3-BF4B-00C04F79EFBC}") = "Skillfolio.Domain.Tests", "tests\UnitTests\Skillfolio.Domain.Tests\Skillfolio.Domain.Tests.csproj", "{5454BE4E-04BB-48A0-BFAA-1AFF586DD335}"
EndProject
Project("{FAE04EC0-301F-11D3-BF4B-00C04F79EFBC}") = "Skillfolio.Infrastructure.Tests", "tests\UnitTests\Skillfolio.Infrastructure.Tests\Skillfolio.Infrastructure.Tests.csproj", "{4165878A-84DB-4A60-8E47-ACE4331870F5}"
EndProject
Global
	GlobalSection(SolutionConfigurationPlatforms) = preSolution
		Debug|Any CPU = Debug|Any CPU
		Debug|x64 = Debug|x64
		Debug|x86 = Debug|x86
		Release|Any CPU = Release|Any CPU
		Release|x64 = Release|x64
		Release|x86 = Release|x86
	EndGlobalSection
	GlobalSection(ProjectConfigurationPlatforms) = postSolution
		{18D838F9-65A2-4528-9BC8-42F291400971}.Debug|Any CPU.ActiveCfg = Debug|Any CPU
		{18D838F9-65A2-4528-9BC8-42F291400971}.Debug|Any CPU.Build.0 = Debug|Any CPU
		{18D838F9-65A2-4528-9BC8-42F291400971}.Debug|x64.ActiveCfg = Debug|Any CPU
		{18D838F9-65A2-4528-9BC8-42F291400971}.Debug|x64.Build.0 = Debug|Any CPU
		{18D838F9-65A2-4528-9BC8-42F291400971}.Debug|x86.ActiveCfg = Debug|Any CPU
		{18D838F9-65A2-4528-9BC8-42F291400971}.Debug|x86.Build.0 = Debug|Any CPU
		{18D838F9-65A2-4528-9BC8-42F291400971}.Release|Any CPU.ActiveCfg = Release|Any CPU
		{18D838F9-65A2-4528-9BC8-42F291400971}.Release|Any CPU.Build.0 = Release|Any CPU
		{18D838F9-65A2-4528-9BC8-42F291400971}.Release|x64.ActiveCfg = Release|Any CPU
		{18D838F9-65A2-4528-9BC8-42F291400971}.Release|x64.Build.0 = Release|Any CPU
		{18D838F9-65A2-4528-9BC8-42F291400971}.Release|x86.ActiveCfg = Release|Any CPU
		{18D838F9-65A2-4528-9BC8-42F291400971}.Release|x86.Build.0 = Release|Any CPU
		{15A29A6D-D28E-4077-A819-6043A18A1EA7}.Debug|Any CPU.ActiveCfg = Debug|Any CPU
		{15A29A6D-D28E-4077-A819-6043A18A1EA7}.Debug|Any CPU.Build.0 = Debug|Any CPU
		{15A29A6D-D28E-4077-A819-6043A18A1EA7}.Debug|x64.ActiveCfg = Debug|Any CPU
		{15A29A6D-D28E-4077-A819-6043A18A1EA7}.Debug|x64.Build.0 = Debug|Any CPU
		{15A29A6D-D28E-4077-A819-6043A18A1EA7}.Debug|x86.ActiveCfg = Debug|Any CPU
		{15A29A6D-D28E-4077-A819-6043A18A1EA7}.Debug|x86.Build.0 = Debug|Any CPU
		{15A29A6D-D28E-4077-A819-6043A18A1EA7}.Release|Any CPU.ActiveCfg = Release|Any CPU
		{15A29A6D-D28E-4077-A819-6043A18A1EA7}.Release|Any CPU.Build.0 = Release|Any CPU
		{15A29A6D-D28E-4077-A819-6043A18A1EA7}.Release|x64.ActiveCfg = Release|Any CPU
		{15A29A6D-D28E-4077-A819-6043A18A1EA7}.Release|x64.Build.0 = Release|Any CPU
		{15A29A6D-D28E-4077-A819-6043A18A1EA7}.Release|x86.ActiveCfg = Release|Any CPU
		{15A29A6D-D28E-4077-A819-6043A18A1EA7}.Release|x86.Build.0 = Release|Any CPU
		{64C6E3EC-CC86-4DCE-97F1-357EAE26313E}.Debug|Any CPU.ActiveCfg = Debug|Any CPU
		{64C6E3EC-CC86-4DCE-97F1-357EAE26313E}.Debug|Any CPU.Build.0 = Debug|Any CPU
		{64C6E3EC-CC86-4DCE-97F1-357EAE26313E}.Debug|x64.ActiveCfg = Debug|Any CPU
		{64C6E3EC-CC86-4DCE-97F1-357EAE26313E}.Debug|x64.Build.0 = Debug|Any CPU
		{64C6E3EC-CC86-4DCE-97F1-357EAE26313E}.Debug|x86.ActiveCfg = Debug|Any CPU
		{64C6E3EC-CC86-4DCE-97F1-357EAE26313E}.Debug|x86.Build.0 = Debug|Any CPU
		{64C6E3EC-CC86-4DCE-97F1-357EAE26313E}.Release|Any CPU.ActiveCfg = Release|Any CPU
		{64C6E3EC-CC86-4DCE-97F1-357EAE26313E}.Release|Any CPU.Build.0 = Release|Any CPU
		{64C6E3EC-CC86-4DCE-97F1-357EAE26313E}.Release|x64.ActiveCfg = Release|Any CPU
		{64C6E3EC-CC86-4DCE-97F1-357EAE26313E}.Release|x64.Build.0 = Release|Any CPU
		{64C6E3EC-CC86-4DCE-97F1-357EAE26313E}.Release|x86.ActiveCfg = Release|Any CPU
		{64C6E3EC-CC86-4DCE-97F1-357EAE26313E}.Release|x86.Build.0 = Release|Any CPU
		{09DEC742-846F-4E96-B760-641AADBD5D1F}.Debug|Any CPU.ActiveCfg = Debug|Any CPU
		{09DEC742-846F-4E96-B760-641AADBD5D1F}.Debug|Any CPU.Build.0 = Debug|Any CPU
		{09DEC742-846F-4E96-B760-641AADBD5D1F}.Debug|x64.ActiveCfg = Debug|Any CPU
		{09DEC742-846F-4E96-B760-641AADBD5D1F}.Debug|x64.Build.0 = Debug|Any CPU
		{09DEC742-846F-4E96-B760-641AADBD5D1F}.Debug|x86.ActiveCfg = Debug|Any CPU
		{09DEC742-846F-4E96-B760-641AADBD5D1F}.Debug|x86.Build.0 = Debug|Any CPU
		{09DEC742-846F-4E96-B760-641AADBD5D1F}.Release|Any CPU.ActiveCfg = Release|Any CPU
		{09DEC742-846F-4E96-B760-641AADBD5D1F}.Release|Any CPU.Build.0 = Release|Any CPU
		{09DEC742-846F-4E96-B760-641AADBD5D1F}.Release|x64.ActiveCfg = Release|Any CPU
		{09DEC742-846F-4E96-B760-641AADBD5D1F}.Release|x64.Build.0 = Release|Any CPU
		{09DEC742-846F-4E96-B760-641AADBD5D1F}.Release|x86.ActiveCfg = Release|Any CPU
		{09DEC742-846F-4E96-B760-641AADBD5D1F}.Release|x86.Build.0 = Release|Any CPU
		{2C7704FD-89E2-4B75-BA7B-E3CAA509A3D3}.Debug|Any CPU.ActiveCfg = Debug|Any CPU
		{2C7704FD-89E2-4B75-BA7B-E3CAA509A3D3}.Debug|Any CPU.Build.0 = Debug|Any CPU
		{2C7704FD-89E2-4B75-BA7B-E3CAA509A3D3}.Debug|x64.ActiveCfg = Debug|Any CPU
		{2C7704FD-89E2-4B75-BA7B-E3CAA509A3D3}.Debug|x64.Build.0 = Debug|Any CPU
		{2C7704FD-89E2-4B75-BA7B-E3CAA509A3D3}.Debug|x86.ActiveCfg = Debug|Any CPU
		{2C7704FD-89E2-4B75-BA7B-E3CAA509A3D3}.Debug|x86.Build.0 = Debug|Any CPU
		{2C7704FD-89E2-4B75-BA7B-E3CAA509A3D3}.Release|Any CPU.ActiveCfg = Release|Any CPU
		{2C7704FD-89E2-4B75-BA7B-E3CAA509A3D3}.Release|Any CPU.Build.0 = Release|Any CPU
		{2C7704FD-89E2-4B75-BA7B-E3CAA509A3D3}.Release|x64.ActiveCfg = Release|Any CPU
		{2C7704FD-89E2-4B75-BA7B-E3CAA509A3D3}.Release|x64.Build.0 = Release|Any CPU
		{2C7704FD-89E2-4B75-BA7B-E3CAA509A3D3}.Release|x86.ActiveCfg = Release|Any CPU
		{2C7704FD-89E2-4B75-BA7B-E3CAA509A3D3}.Release|x86.Build.0 = Release|Any CPU
		{864177A7-EBDD-4520-9A69-BA14BC030B06}.Debug|Any CPU.ActiveCfg = Debug|Any CPU
		{864177A7-EBDD-4520-9A69-BA14BC030B06}.Debug|Any CPU.Build.0 = Debug|Any CPU
		{864177A7-EBDD-4520-9A69-BA14BC030B06}.Debug|x64.ActiveCfg = Debug|Any CPU
		{864177A7-EBDD-4520-9A69-BA14BC030B06}.Debug|x64.Build.0 = Debug|Any CPU
		{864177A7-EBDD-4520-9A69-BA14BC030B06}.Debug|x86.ActiveCfg = Debug|Any CPU
		{864177A7-EBDD-4520-9A69-BA14BC030B06}.Debug|x86.Build.0 = Debug|Any CPU
		{864177A7-EBDD-4520-9A69-BA14BC030B06}.Release|Any CPU.ActiveCfg = Release|Any CPU
		{864177A7-EBDD-4520-9A69-BA14BC030B06}.Release|Any CPU.Build.0 = Release|Any CPU
		{864177A7-EBDD-4520-9A69-BA14BC030B06}.Release|x64.ActiveCfg = Release|Any CPU
		{864177A7-EBDD-4520-9A69-BA14BC030B06}.Release|x64.Build.0 = Release|Any CPU
		{864177A7-EBDD-4520-9A69-BA14BC030B06}.Release|x86.ActiveCfg = Release|Any CPU
		{864177A7-EBDD-4520-9A69-BA14BC030B06}.Release|x86.Build.0 = Release|Any CPU
		{5454BE4E-04BB-48A0-BFAA-1AFF586DD335}.Debug|Any CPU.ActiveCfg = Debug|Any CPU
		{5454BE4E-04BB-48A0-BFAA-1AFF586DD335}.Debug|Any CPU.Build.0 = Debug|Any CPU
		{5454BE4E-04BB-48A0-BFAA-1AFF586DD335}.Debug|x64.ActiveCfg = Debug|Any CPU
		{5454BE4E-04BB-48A0-BFAA-1AFF586DD335}.Debug|x64.Build.0 = Debug|Any CPU
		{5454BE4E-04BB-48A0-BFAA-1AFF586DD335}.Debug|x86.ActiveCfg = Debug|Any CPU
		{5454BE4E-04BB-48A0-BFAA-1AFF586DD335}.Debug|x86.Build.0 = Debug|Any CPU
		{5454BE4E-04BB-48A0-BFAA-1AFF586DD335}.Release|Any CPU.ActiveCfg = Release|Any CPU
		{5454BE4E-04BB-48A0-BFAA-1AFF586DD335}.Release|Any CPU.Build.0 = Release|Any CPU
		{5454BE4E-04BB-48A0-BFAA-1AFF586DD335}.Release|x64.ActiveCfg = Release|Any CPU
		{5454BE4E-04BB-48A0-BFAA-1AFF586DD335}.Release|x64.Build.0 = Release|Any CPU
		{5454BE4E-04BB-48A0-BFAA-1AFF586DD335}.Release|x86.ActiveCfg = Release|Any CPU
		{5454BE4E-04BB-48A0-BFAA-1AFF586DD335}.Release|x86.Build.0 = Release|Any CPU
		{4165878A-84DB-4A60-8E47-ACE4331870F5}.Debug|Any CPU.ActiveCfg = Debug|Any CPU
		{4165878A-84DB-4A60-8E47-ACE4331870F5}.Debug|Any CPU.Build.0 = Debug|Any CPU
		{4165878A-84DB-4A60-8E47-ACE4331870F5}.Debug|x64.ActiveCfg = Debug|Any CPU
		{4165878A-84DB-4A60-8E47-ACE4331870F5}.Debug|x64.Build.0 = Debug|Any CPU
		{4165878A-84DB-4A60-8E47-ACE4331870F5}.Debug|x86.ActiveCfg = Debug|Any CPU
		{4165878A-84DB-4A60-8E47-ACE4331870F5}.Debug|x86.Build.0 = Debug|Any CPU
		{4165878A-84DB-4A60-8E47-ACE4331870F5}.Release|Any CPU.ActiveCfg = Release|Any CPU
		{4165878A-84DB-4A60-8E47-ACE4331870F5}.Release|Any CPU.Build.0 = Release|Any CPU
		{4165878A-84DB-4A60-8E47-ACE4331870F5}.Release|x64.ActiveCfg = Release|Any CPU
		{4165878A-84DB-4A60-8E47-ACE4331870F5}.Release|x64.Build.0 = Release|Any CPU
		{4165878A-84DB-4A60-8E47-ACE4331870F5}.Release|x86.ActiveCfg = Release|Any CPU
		{4165878A-84DB-4A60-8E47-ACE4331870F5}.Release|x86.Build.0 = Release|Any CPU
	EndGlobalSection
	GlobalSection(SolutionProperties) = preSolution
		HideSolutionNode = FALSE
	EndGlobalSection
	GlobalSection(NestedProjects) = preSolution
		{18D838F9-65A2-4528-9BC8-42F291400971} = {827E0CD3-B72D-47B6-A68D-7590B98EB39B}
		{15A29A6D-D28E-4077-A819-6043A18A1EA7} = {827E0CD3-B72D-47B6-A68D-7590B98EB39B}
		{64C6E3EC-CC86-4DCE-97F1-357EAE26313E} = {827E0CD3-B72D-47B6-A68D-7590B98EB39B}
		{09DEC742-846F-4E96-B760-641AADBD5D1F} = {827E0CD3-B72D-47B6-A68D-7590B98EB39B}
		{30785934-E017-5D9F-2777-3D61460A5281} = {0AB3BF05-4346-4AA6-1389-037BE0695223}
		{2C7704FD-89E2-4B75-BA7B-E3CAA509A3D3} = {30785934-E017-5D9F-2777-3D61460A5281}
		{394A81D9-3C45-9818-BB26-23F2B85056FF} = {0AB3BF05-4346-4AA6-1389-037BE0695223}
		{864177A7-EBDD-4520-9A69-BA14BC030B06} = {394A81D9-3C45-9818-BB26-23F2B85056FF}
		{5454BE4E-04BB-48A0-BFAA-1AFF586DD335} = {394A81D9-3C45-9818-BB26-23F2B85056FF}
		{4165878A-84DB-4A60-8E47-ACE4331870F5} = {394A81D9-3C45-9818-BB26-23F2B85056FF}
	EndGlobalSection
EndGlobal
